// !$*UTF8*$!
{
	archiveVersion = 1;
	classes = {
	};
	objectVersion = 46;
	objects = {

/* Begin PBXBuildFile section */
		9CA9DDD11D6B87AB0010471B /* AppDelegate.swift in Sources */ = {isa = PBXBuildFile; fileRef = 9CA9DDD01D6B87AB0010471B /* AppDelegate.swift */; };
		9CA9DDD61D6B87AB0010471B /* Main.storyboard in Resources */ = {isa = PBXBuildFile; fileRef = 9CA9DDD41D6B87AB0010471B /* Main.storyboard */; };
		9CA9DDD81D6B87AB0010471B /* Assets.xcassets in Resources */ = {isa = PBXBuildFile; fileRef = 9CA9DDD71D6B87AB0010471B /* Assets.xcassets */; };
		9CA9DDDB1D6B87AB0010471B /* LaunchScreen.storyboard in Resources */ = {isa = PBXBuildFile; fileRef = 9CA9DDD91D6B87AB0010471B /* LaunchScreen.storyboard */; };
		9CA9DDE31D6B89FA0010471B /* AlarmListTableViewController.swift in Sources */ = {isa = PBXBuildFile; fileRef = 9CA9DDE21D6B89FA0010471B /* AlarmListTableViewController.swift */; };
		9CA9DDE71D6B8BA00010471B /* AlarmDetailTableViewController.swift in Sources */ = {isa = PBXBuildFile; fileRef = 9CA9DDE61D6B8BA00010471B /* AlarmDetailTableViewController.swift */; };
		9CA9DDE91D6B8C590010471B /* SwitchTableViewCell.swift in Sources */ = {isa = PBXBuildFile; fileRef = 9CA9DDE81D6B8C590010471B /* SwitchTableViewCell.swift */; };
		9CA9DDEB1D6B934F0010471B /* Alarm.swift in Sources */ = {isa = PBXBuildFile; fileRef = 9CA9DDEA1D6B934F0010471B /* Alarm.swift */; };
		9CA9DDEF1D6B96540010471B /* AlarmController.swift in Sources */ = {isa = PBXBuildFile; fileRef = 9CA9DDEE1D6B96540010471B /* AlarmController.swift */; };
		9CA9DDF21D6BACAA0010471B /* DateHelper.swift in Sources */ = {isa = PBXBuildFile; fileRef = 9CA9DDF11D6BACAA0010471B /* DateHelper.swift */; };
/* End PBXBuildFile section */

/* Begin PBXFileReference section */
		9CA9DDCD1D6B87AB0010471B /* Alarm.app */ = {isa = PBXFileReference; explicitFileType = wrapper.application; includeInIndex = 0; path = Alarm.app; sourceTree = BUILT_PRODUCTS_DIR; };
		9CA9DDD01D6B87AB0010471B /* AppDelegate.swift */ = {isa = PBXFileReference; lastKnownFileType = sourcecode.swift; path = AppDelegate.swift; sourceTree = "<group>"; };
		9CA9DDD51D6B87AB0010471B /* Base */ = {isa = PBXFileReference; lastKnownFileType = file.storyboard; name = Base; path = Base.lproj/Main.storyboard; sourceTree = "<group>"; };
		9CA9DDD71D6B87AB0010471B /* Assets.xcassets */ = {isa = PBXFileReference; lastKnownFileType = folder.assetcatalog; path = Assets.xcassets; sourceTree = "<group>"; };
		9CA9DDDA1D6B87AB0010471B /* Base */ = {isa = PBXFileReference; lastKnownFileType = file.storyboard; name = Base; path = Base.lproj/LaunchScreen.storyboard; sourceTree = "<group>"; };
		9CA9DDDC1D6B87AB0010471B /* Info.plist */ = {isa = PBXFileReference; lastKnownFileType = text.plist.xml; path = Info.plist; sourceTree = "<group>"; };
		9CA9DDE21D6B89FA0010471B /* AlarmListTableViewController.swift */ = {isa = PBXFileReference; fileEncoding = 4; lastKnownFileType = sourcecode.swift; path = AlarmListTableViewController.swift; sourceTree = "<group>"; };
		9CA9DDE61D6B8BA00010471B /* AlarmDetailTableViewController.swift */ = {isa = PBXFileReference; fileEncoding = 4; lastKnownFileType = sourcecode.swift; path = AlarmDetailTableViewController.swift; sourceTree = "<group>"; };
		9CA9DDE81D6B8C590010471B /* SwitchTableViewCell.swift */ = {isa = PBXFileReference; fileEncoding = 4; lastKnownFileType = sourcecode.swift; path = SwitchTableViewCell.swift; sourceTree = "<group>"; };
		9CA9DDEA1D6B934F0010471B /* Alarm.swift */ = {isa = PBXFileReference; fileEncoding = 4; lastKnownFileType = sourcecode.swift; path = Alarm.swift; sourceTree = "<group>"; };
		9CA9DDEE1D6B96540010471B /* AlarmController.swift */ = {isa = PBXFileReference; fileEncoding = 4; lastKnownFileType = sourcecode.swift; path = AlarmController.swift; sourceTree = "<group>"; };
		9CA9DDF11D6BACAA0010471B /* DateHelper.swift */ = {isa = PBXFileReference; fileEncoding = 4; lastKnownFileType = sourcecode.swift; path = DateHelper.swift; sourceTree = "<group>"; };
/* End PBXFileReference section */

/* Begin PBXFrameworksBuildPhase section */
		9CA9DDCA1D6B87AB0010471B /* Frameworks */ = {
			isa = PBXFrameworksBuildPhase;
			buildActionMask = 2147483647;
			files = (
			);
			runOnlyForDeploymentPostprocessing = 0;
		};
/* End PBXFrameworksBuildPhase section */

/* Begin PBXGroup section */
		9CA9DDC41D6B87AB0010471B = {
			isa = PBXGroup;
			children = (
				9CA9DDCF1D6B87AB0010471B /* Alarm */,
				9CA9DDCE1D6B87AB0010471B /* Products */,
			);
			sourceTree = "<group>";
		};
		9CA9DDCE1D6B87AB0010471B /* Products */ = {
			isa = PBXGroup;
			children = (
				9CA9DDCD1D6B87AB0010471B /* Alarm.app */,
			);
			name = Products;
			sourceTree = "<group>";
		};
		9CA9DDCF1D6B87AB0010471B /* Alarm */ = {
			isa = PBXGroup;
			children = (
				9CA9DDD01D6B87AB0010471B /* AppDelegate.swift */,
				9CA9DDD41D6B87AB0010471B /* Main.storyboard */,
				9CA9DDEC1D6B93530010471B /* Model */,
				9CA9DDF01D6B96580010471B /* ModelController */,
				9CA9DDE51D6B8A060010471B /* View */,
				9CA9DDE41D6B89FF0010471B /* Controllers */,
				9CA9DDF31D6BACAE0010471B /* Helpers */,
				9CA9DDD71D6B87AB0010471B /* Assets.xcassets */,
				9CA9DDD91D6B87AB0010471B /* LaunchScreen.storyboard */,
				9CA9DDDC1D6B87AB0010471B /* Info.plist */,
			);
			path = Alarm;
			sourceTree = "<group>";
		};
		9CA9DDE41D6B89FF0010471B /* Controllers */ = {
			isa = PBXGroup;
			children = (
				9CA9DDE21D6B89FA0010471B /* AlarmListTableViewController.swift */,
				9CA9DDE61D6B8BA00010471B /* AlarmDetailTableViewController.swift */,
			);
			name = Controllers;
			sourceTree = "<group>";
		};
		9CA9DDE51D6B8A060010471B /* View */ = {
			isa = PBXGroup;
			children = (
				9CA9DDE81D6B8C590010471B /* SwitchTableViewCell.swift */,
			);
			name = View;
			sourceTree = "<group>";
		};
		9CA9DDEC1D6B93530010471B /* Model */ = {
			isa = PBXGroup;
			children = (
				9CA9DDEA1D6B934F0010471B /* Alarm.swift */,
			);
			name = Model;
			sourceTree = "<group>";
		};
		9CA9DDF01D6B96580010471B /* ModelController */ = {
			isa = PBXGroup;
			children = (
				9CA9DDEE1D6B96540010471B /* AlarmController.swift */,
			);
			name = ModelController;
			sourceTree = "<group>";
		};
		9CA9DDF31D6BACAE0010471B /* Helpers */ = {
			isa = PBXGroup;
			children = (
				9CA9DDF11D6BACAA0010471B /* DateHelper.swift */,
			);
			name = Helpers;
			sourceTree = "<group>";
		};
/* End PBXGroup section */

/* Begin PBXNativeTarget section */
		9CA9DDCC1D6B87AB0010471B /* Alarm */ = {
			isa = PBXNativeTarget;
			buildConfigurationList = 9CA9DDDF1D6B87AB0010471B /* Build configuration list for PBXNativeTarget "Alarm" */;
			buildPhases = (
				9CA9DDC91D6B87AB0010471B /* Sources */,
				9CA9DDCA1D6B87AB0010471B /* Frameworks */,
				9CA9DDCB1D6B87AB0010471B /* Resources */,
			);
			buildRules = (
			);
			dependencies = (
			);
			name = Alarm;
			productName = Alarm;
			productReference = 9CA9DDCD1D6B87AB0010471B /* Alarm.app */;
			productType = "com.apple.product-type.application";
		};
/* End PBXNativeTarget section */

/* Begin PBXProject section */
		9CA9DDC51D6B87AB0010471B /* Project object */ = {
			isa = PBXProject;
			attributes = {
				LastSwiftUpdateCheck = 0800;
				LastUpgradeCheck = 0800;
				ORGANIZATIONNAME = "Jairo Eli";
				TargetAttributes = {
					9CA9DDCC1D6B87AB0010471B = {
						CreatedOnToolsVersion = 8.0;
						DevelopmentTeam = Y9CEQN88G2;
						ProvisioningStyle = Automatic;
					};
				};
			};
			buildConfigurationList = 9CA9DDC81D6B87AB0010471B /* Build configuration list for PBXProject "Alarm" */;
			compatibilityVersion = "Xcode 3.2";
			developmentRegion = English;
			hasScannedForEncodings = 0;
			knownRegions = (
				en,
				Base,
			);
			mainGroup = 9CA9DDC41D6B87AB0010471B;
			productRefGroup = 9CA9DDCE1D6B87AB0010471B /* Products */;
			projectDirPath = "";
			projectRoot = "";
			targets = (
				9CA9DDCC1D6B87AB0010471B /* Alarm */,
			);
		};
/* End PBXProject section */

/* Begin PBXResourcesBuildPhase section */
		9CA9DDCB1D6B87AB0010471B /* Resources */ = {
			isa = PBXResourcesBuildPhase;
			buildActionMask = 2147483647;
			files = (
				9CA9DDDB1D6B87AB0010471B /* LaunchScreen.storyboard in Resources */,
				9CA9DDD81D6B87AB0010471B /* Assets.xcassets in Resources */,
				9CA9DDD61D6B87AB0010471B /* Main.storyboard in Resources */,
			);
			runOnlyForDeploymentPostprocessing = 0;
		};
/* End PBXResourcesBuildPhase section */

/* Begin PBXSourcesBuildPhase section */
		9CA9DDC91D6B87AB0010471B /* Sources */ = {
			isa = PBXSourcesBuildPhase;
			buildActionMask = 2147483647;
			files = (
				9CA9DDE71D6B8BA00010471B /* AlarmDetailTableViewController.swift in Sources */,
				9CA9DDE91D6B8C590010471B /* SwitchTableViewCell.swift in Sources */,
				9CA9DDEB1D6B934F0010471B /* Alarm.swift in Sources */,
				9CA9DDD11D6B87AB0010471B /* AppDelegate.swift in Sources */,
				9CA9DDE31D6B89FA0010471B /* AlarmListTableViewController.swift in Sources */,
				9CA9DDF21D6BACAA0010471B /* DateHelper.swift in Sources */,
				9CA9DDEF1D6B96540010471B /* AlarmController.swift in Sources */,
			);
			runOnlyForDeploymentPostprocessing = 0;
		};
/* End PBXSourcesBuildPhase section */

/* Begin PBXVariantGroup section */
		9CA9DDD41D6B87AB0010471B /* Main.storyboard */ = {
			isa = PBXVariantGroup;
			children = (
				9CA9DDD51D6B87AB0010471B /* Base */,
			);
			name = Main.storyboard;
			sourceTree = "<group>";
		};
		9CA9DDD91D6B87AB0010471B /* LaunchScreen.storyboard */ = {
			isa = PBXVariantGroup;
			children = (
				9CA9DDDA1D6B87AB0010471B /* Base */,
			);
			name = LaunchScreen.storyboard;
			sourceTree = "<group>";
		};
/* End PBXVariantGroup section */

/* Begin XCBuildConfiguration section */
		9CA9DDDD1D6B87AB0010471B /* Debug */ = {
			isa = XCBuildConfiguration;
			buildSettings = {
				ALWAYS_SEARCH_USER_PATHS = NO;
				CLANG_ANALYZER_NONNULL = YES;
				CLANG_CXX_LANGUAGE_STANDARD = "gnu++0x";
				CLANG_CXX_LIBRARY = "libc++";
				CLANG_ENABLE_MODULES = YES;
				CLANG_ENABLE_OBJC_ARC = YES;
				CLANG_WARN_BOOL_CONVERSION = YES;
				CLANG_WARN_CONSTANT_CONVERSION = YES;
				CLANG_WARN_DIRECT_OBJC_ISA_USAGE = YES_ERROR;
				CLANG_WARN_DOCUMENTATION_COMMENTS = YES;
				CLANG_WARN_EMPTY_BODY = YES;
				CLANG_WARN_ENUM_CONVERSION = YES;
				CLANG_WARN_INFINITE_RECURSION = YES;
				CLANG_WARN_INT_CONVERSION = YES;
				CLANG_WARN_OBJC_ROOT_CLASS = YES_ERROR;
				CLANG_WARN_SUSPICIOUS_MOVES = YES;
				CLANG_WARN_UNREACHABLE_CODE = YES;
				CLANG_WARN__DUPLICATE_METHOD_MATCH = YES;
				"CODE_SIGN_IDENTITY[sdk=iphoneos*]" = "iPhone Developer";
				COPY_PHASE_STRIP = NO;
				DEBUG_INFORMATION_FORMAT = dwarf;
				ENABLE_STRICT_OBJC_MSGSEND = YES;
				ENABLE_TESTABILITY = YES;
				GCC_C_LANGUAGE_STANDARD = gnu99;
				GCC_DYNAMIC_NO_PIC = NO;
				GCC_NO_COMMON_BLOCKS = YES;
				GCC_OPTIMIZATION_LEVEL = 0;
				GCC_PREPROCESSOR_DEFINITIONS = (
					"DEBUG=1",
					"$(inherited)",
				);
				GCC_WARN_64_TO_32_BIT_CONVERSION = YES;
				GCC_WARN_ABOUT_RETURN_TYPE = YES_ERROR;
				GCC_WARN_UNDECLARED_SELECTOR = YES;
				GCC_WARN_UNINITIALIZED_AUTOS = YES_AGGRESSIVE;
				GCC_WARN_UNUSED_FUNCTION = YES;
				GCC_WARN_UNUSED_VARIABLE = YES;
				IPHONEOS_DEPLOYMENT_TARGET = 10.0;
				MTL_ENABLE_DEBUG_INFO = YES;
				ONLY_ACTIVE_ARCH = YES;
				SDKROOT = iphoneos;
				SWIFT_ACTIVE_COMPILATION_CONDITIONS = DEBUG;
				SWIFT_OPTIMIZATION_LEVEL = "-Onone";
				SWIFT_VERSION = 2.3;
			};
			name = Debug;
		};
		9CA9DDDE1D6B87AB0010471B /* Release */ = {
			isa = XCBuildConfiguration;
			buildSettings = {
				ALWAYS_SEARCH_USER_PATHS = NO;
				CLANG_ANALYZER_NONNULL = YES;
				CLANG_CXX_LANGUAGE_STANDARD = "gnu++0x";
				CLANG_CXX_LIBRARY = "libc++";
				CLANG_ENABLE_MODULES = YES;
				CLANG_ENABLE_OBJC_ARC = YES;
				CLANG_WARN_BOOL_CONVERSION = YES;
				CLANG_WARN_CONSTANT_CONVERSION = YES;
				CLANG_WARN_DIRECT_OBJC_ISA_USAGE = YES_ERROR;
				CLANG_WARN_DOCUMENTATION_COMMENTS = YES;
				CLANG_WARN_EMPTY_BODY = YES;
				CLANG_WARN_ENUM_CONVERSION = YES;
				CLANG_WARN_INFINITE_RECURSION = YES;
				CLANG_WARN_INT_CONVERSION = YES;
				CLANG_WARN_OBJC_ROOT_CLASS = YES_ERROR;
				CLANG_WARN_SUSPICIOUS_MOVES = YES;
				CLANG_WARN_UNREACHABLE_CODE = YES;
				CLANG_WARN__DUPLICATE_METHOD_MATCH = YES;
				"CODE_SIGN_IDENTITY[sdk=iphoneos*]" = "iPhone Developer";
				COPY_PHASE_STRIP = NO;
				DEBUG_INFORMATION_FORMAT = "dwarf-with-dsym";
				ENABLE_NS_ASSERTIONS = NO;
				ENABLE_STRICT_OBJC_MSGSEND = YES;
				GCC_C_LANGUAGE_STANDARD = gnu99;
				GCC_NO_COMMON_BLOCKS = YES;
				GCC_WARN_64_TO_32_BIT_CONVERSION = YES;
				GCC_WARN_ABOUT_RETURN_TYPE = YES_ERROR;
				GCC_WARN_UNDECLARED_SELECTOR = YES;
				GCC_WARN_UNINITIALIZED_AUTOS = YES_AGGRESSIVE;
				GCC_WARN_UNUSED_FUNCTION = YES;
				GCC_WARN_UNUSED_VARIABLE = YES;
				IPHONEOS_DEPLOYMENT_TARGET = 10.0;
				MTL_ENABLE_DEBUG_INFO = NO;
				SDKROOT = iphoneos;
				SWIFT_OPTIMIZATION_LEVEL = "-Owholemodule";
				SWIFT_VERSION = 2.3;
				VALIDATE_PRODUCT = YES;
			};
			name = Release;
		};
		9CA9DDE01D6B87AB0010471B /* Debug */ = {
			isa = XCBuildConfiguration;
			buildSettings = {
				ASSETCATALOG_COMPILER_APPICON_NAME = AppIcon;
				DEVELOPMENT_TEAM = Y9CEQN88G2;
				INFOPLIST_FILE = Alarm/Info.plist;
				LD_RUNPATH_SEARCH_PATHS = "$(inherited) @executable_path/Frameworks";
				PRODUCT_BUNDLE_IDENTIFIER = com.jairoeli.Alarm;
				PRODUCT_NAME = "$(TARGET_NAME)";
				SWIFT_VERSION = 2.3;
			};
			name = Debug;
		};
		9CA9DDE11D6B87AB0010471B /* Release */ = {
			isa = XCBuildConfiguration;
			buildSettings = {
				ASSETCATALOG_COMPILER_APPICON_NAME = AppIcon;
				DEVELOPMENT_TEAM = Y9CEQN88G2;
				INFOPLIST_FILE = Alarm/Info.plist;
				LD_RUNPATH_SEARCH_PATHS = "$(inherited) @executable_path/Frameworks";
				PRODUCT_BUNDLE_IDENTIFIER = com.jairoeli.Alarm;
				PRODUCT_NAME = "$(TARGET_NAME)";
				SWIFT_VERSION = 2.3;
			};
			name = Release;
		};
/* End XCBuildConfiguration section */

/* Begin XCConfigurationList section */
		9CA9DDC81D6B87AB0010471B /* Build configuration list for PBXProject "Alarm" */ = {
			isa = XCConfigurationList;
			buildConfigurations = (
				9CA9DDDD1D6B87AB0010471B /* Debug */,
				9CA9DDDE1D6B87AB0010471B /* Release */,
			);
			defaultConfigurationIsVisible = 0;
			defaultConfigurationName = Release;
		};
		9CA9DDDF1D6B87AB0010471B /* Build configuration list for PBXNativeTarget "Alarm" */ = {
			isa = XCConfigurationList;
			buildConfigurations = (
				9CA9DDE01D6B87AB0010471B /* Debug */,
				9CA9DDE11D6B87AB0010471B /* Release */,
			);
			defaultConfigurationIsVisible = 0;
		};
/* End XCConfigurationList section */
	};
	rootObject = 9CA9DDC51D6B87AB0010471B /* Project object */;
}
